// !$*UTF8*$!
{
	archiveVersion = 1;
	classes = {
	};
	objectVersion = 46;
	objects = {

/* Begin PBXBuildFile section */
		2314121D1EAC795200368974 /* filePath.mm in Sources */ = {isa = PBXBuildFile; fileRef = 231411061EAC795100368974 /* filePath.mm */; };
		2314121E1EAC795200368974 /* fragment-shader.txt in Resources */ = {isa = PBXBuildFile; fileRef = 231411071EAC795100368974 /* fragment-shader.txt */; };
		2314121F1EAC795200368974 /* glew.c in Sources */ = {isa = PBXBuildFile; fileRef = 231411081EAC795100368974 /* glew.c */; };
		231412901EAC795200368974 /* libglfw3.a in Frameworks */ = {isa = PBXBuildFile; fileRef = 2314120D1EAC795200368974 /* libglfw3.a */; };
		231412921EAC795200368974 /* Bitmap.cpp in Sources */ = {isa = PBXBuildFile; fileRef = 231412111EAC795200368974 /* Bitmap.cpp */; };
		231412931EAC795200368974 /* Camera.cpp in Sources */ = {isa = PBXBuildFile; fileRef = 231412131EAC795200368974 /* Camera.cpp */; };
		231412941EAC795200368974 /* Program.cpp in Sources */ = {isa = PBXBuildFile; fileRef = 231412151EAC795200368974 /* Program.cpp */; };
		231412951EAC795200368974 /* Shader.cpp in Sources */ = {isa = PBXBuildFile; fileRef = 231412171EAC795200368974 /* Shader.cpp */; };
		231412961EAC795200368974 /* Texture.cpp in Sources */ = {isa = PBXBuildFile; fileRef = 231412191EAC795200368974 /* Texture.cpp */; };
		231412971EAC795200368974 /* vertex-shader.txt in Resources */ = {isa = PBXBuildFile; fileRef = 2314121B1EAC795200368974 /* vertex-shader.txt */; };
		231412981EAC795200368974 /* wooden-crate.jpg in Resources */ = {isa = PBXBuildFile; fileRef = 2314121C1EAC795200368974 /* wooden-crate.jpg */; };
		2314129B1EAC7B3600368974 /* Cocoa.framework in Frameworks */ = {isa = PBXBuildFile; fileRef = 2314129A1EAC7B3600368974 /* Cocoa.framework */; };
		2314129D1EAC7B4200368974 /* CoreVideo.framework in Frameworks */ = {isa = PBXBuildFile; fileRef = 2314129C1EAC7B4200368974 /* CoreVideo.framework */; };
		2314129F1EAC7B4D00368974 /* OpenGL.framework in Frameworks */ = {isa = PBXBuildFile; fileRef = 2314129E1EAC7B4D00368974 /* OpenGL.framework */; };
		231412A11EAC7B5A00368974 /* IOKit.framework in Frameworks */ = {isa = PBXBuildFile; fileRef = 231412A01EAC7B5A00368974 /* IOKit.framework */; };
		231412A51EAC7C7900368974 /* geometry-shader.txt in Resources */ = {isa = PBXBuildFile; fileRef = 231412A21EAC7C7900368974 /* geometry-shader.txt */; };
		231412A61EAC7C7900368974 /* monster_hellknight.png in Resources */ = {isa = PBXBuildFile; fileRef = 231412A31EAC7C7900368974 /* monster_hellknight.png */; };
		231412A71EAC7C7900368974 /* OGLSBS27.cpp in Sources */ = {isa = PBXBuildFile; fileRef = 231412A41EAC7C7900368974 /* OGLSBS27.cpp */; };
/* End PBXBuildFile section */

/* Begin PBXFileReference section */
		231410EE1EAC78BD00368974 /* OGLSBS27.app */ = {isa = PBXFileReference; explicitFileType = wrapper.application; includeInIndex = 0; path = OGLSBS27.app; sourceTree = BUILT_PRODUCTS_DIR; };
		231411051EAC795100368974 /* filePath.h */ = {isa = PBXFileReference; fileEncoding = 4; lastKnownFileType = sourcecode.c.h; path = filePath.h; sourceTree = "<group>"; };
		231411061EAC795100368974 /* filePath.mm */ = {isa = PBXFileReference; fileEncoding = 4; lastKnownFileType = sourcecode.cpp.objcpp; path = filePath.mm; sourceTree = "<group>"; };
		231411071EAC795100368974 /* fragment-shader.txt */ = {isa = PBXFileReference; fileEncoding = 4; lastKnownFileType = text; path = "fragment-shader.txt"; sourceTree = "<group>"; };
		231411081EAC795100368974 /* glew.c */ = {isa = PBXFileReference; fileEncoding = 4; lastKnownFileType = sourcecode.c.c; path = glew.c; sourceTree = "<group>"; };
		231411091EAC795100368974 /* glew.h */ = {isa = PBXFileReference; fileEncoding = 4; lastKnownFileType = sourcecode.c.h; path = glew.h; sourceTree = "<group>"; };
		2314110A1EAC795100368974 /* glfw3.h */ = {isa = PBXFileReference; fileEncoding = 4; lastKnownFileType = sourcecode.c.h; path = glfw3.h; sourceTree = "<group>"; };
		2314120D1EAC795200368974 /* libglfw3.a */ = {isa = PBXFileReference; lastKnownFileType = archive.ar; path = libglfw3.a; sourceTree = "<group>"; };
		2314120F1EAC795200368974 /* stb_image.h */ = {isa = PBXFileReference; fileEncoding = 4; lastKnownFileType = sourcecode.c.h; path = stb_image.h; sourceTree = "<group>"; };
		231412111EAC795200368974 /* Bitmap.cpp */ = {isa = PBXFileReference; fileEncoding = 4; lastKnownFileType = sourcecode.cpp.cpp; path = Bitmap.cpp; sourceTree = "<group>"; };
		231412121EAC795200368974 /* Bitmap.h */ = {isa = PBXFileReference; fileEncoding = 4; lastKnownFileType = sourcecode.c.h; path = Bitmap.h; sourceTree = "<group>"; };
		231412131EAC795200368974 /* Camera.cpp */ = {isa = PBXFileReference; fileEncoding = 4; lastKnownFileType = sourcecode.cpp.cpp; path = Camera.cpp; sourceTree = "<group>"; };
		231412141EAC795200368974 /* Camera.h */ = {isa = PBXFileReference; fileEncoding = 4; lastKnownFileType = sourcecode.c.h; path = Camera.h; sourceTree = "<group>"; };
		231412151EAC795200368974 /* Program.cpp */ = {isa = PBXFileReference; fileEncoding = 4; lastKnownFileType = sourcecode.cpp.cpp; path = Program.cpp; sourceTree = "<group>"; };
		231412161EAC795200368974 /* Program.h */ = {isa = PBXFileReference; fileEncoding = 4; lastKnownFileType = sourcecode.c.h; path = Program.h; sourceTree = "<group>"; };
		231412171EAC795200368974 /* Shader.cpp */ = {isa = PBXFileReference; fileEncoding = 4; lastKnownFileType = sourcecode.cpp.cpp; path = Shader.cpp; sourceTree = "<group>"; };
		231412181EAC795200368974 /* Shader.h */ = {isa = PBXFileReference; fileEncoding = 4; lastKnownFileType = sourcecode.c.h; path = Shader.h; sourceTree = "<group>"; };
		231412191EAC795200368974 /* Texture.cpp */ = {isa = PBXFileReference; fileEncoding = 4; lastKnownFileType = sourcecode.cpp.cpp; path = Texture.cpp; sourceTree = "<group>"; };
		2314121A1EAC795200368974 /* Texture.h */ = {isa = PBXFileReference; fileEncoding = 4; lastKnownFileType = sourcecode.c.h; path = Texture.h; sourceTree = "<group>"; };
		2314121B1EAC795200368974 /* vertex-shader.txt */ = {isa = PBXFileReference; fileEncoding = 4; lastKnownFileType = text; path = "vertex-shader.txt"; sourceTree = "<group>"; };
		2314121C1EAC795200368974 /* wooden-crate.jpg */ = {isa = PBXFileReference; lastKnownFileType = image.jpeg; path = "wooden-crate.jpg"; sourceTree = "<group>"; };
		2314129A1EAC7B3600368974 /* Cocoa.framework */ = {isa = PBXFileReference; lastKnownFileType = wrapper.framework; name = Cocoa.framework; path = System/Library/Frameworks/Cocoa.framework; sourceTree = SDKROOT; };
		2314129C1EAC7B4200368974 /* CoreVideo.framework */ = {isa = PBXFileReference; lastKnownFileType = wrapper.framework; name = CoreVideo.framework; path = System/Library/Frameworks/CoreVideo.framework; sourceTree = SDKROOT; };
		2314129E1EAC7B4D00368974 /* OpenGL.framework */ = {isa = PBXFileReference; lastKnownFileType = wrapper.framework; name = OpenGL.framework; path = System/Library/Frameworks/OpenGL.framework; sourceTree = SDKROOT; };
		231412A01EAC7B5A00368974 /* IOKit.framework */ = {isa = PBXFileReference; lastKnownFileType = wrapper.framework; name = IOKit.framework; path = System/Library/Frameworks/IOKit.framework; sourceTree = SDKROOT; };
		231412A21EAC7C7900368974 /* geometry-shader.txt */ = {isa = PBXFileReference; fileEncoding = 4; lastKnownFileType = text; path = "geometry-shader.txt"; sourceTree = "<group>"; };
		231412A31EAC7C7900368974 /* monster_hellknight.png */ = {isa = PBXFileReference; lastKnownFileType = image.png; path = monster_hellknight.png; sourceTree = "<group>"; };
		231412A41EAC7C7900368974 /* OGLSBS27.cpp */ = {isa = PBXFileReference; fileEncoding = 4; lastKnownFileType = sourcecode.cpp.cpp; path = OGLSBS27.cpp; sourceTree = "<group>"; };
/* End PBXFileReference section */

/* Begin PBXFrameworksBuildPhase section */
		231410EB1EAC78BD00368974 /* Frameworks */ = {
			isa = PBXFrameworksBuildPhase;
			buildActionMask = 2147483647;
			files = (
				231412A11EAC7B5A00368974 /* IOKit.framework in Frameworks */,
				2314129F1EAC7B4D00368974 /* OpenGL.framework in Frameworks */,
				2314129D1EAC7B4200368974 /* CoreVideo.framework in Frameworks */,
				2314129B1EAC7B3600368974 /* Cocoa.framework in Frameworks */,
				231412901EAC795200368974 /* libglfw3.a in Frameworks */,
			);
			runOnlyForDeploymentPostprocessing = 0;
		};
/* End PBXFrameworksBuildPhase section */

/* Begin PBXGroup section */
		231410E51EAC78BD00368974 = {
			isa = PBXGroup;
			children = (
				231410F01EAC78BD00368974 /* OGLSBS27 */,
				231410EF1EAC78BD00368974 /* Products */,
				231412991EAC7B3600368974 /* Frameworks */,
			);
			sourceTree = "<group>";
		};
		231410EF1EAC78BD00368974 /* Products */ = {
			isa = PBXGroup;
			children = (
				231410EE1EAC78BD00368974 /* OGLSBS27.app */,
			);
			name = Products;
			sourceTree = "<group>";
		};
		231410F01EAC78BD00368974 /* OGLSBS27 */ = {
			isa = PBXGroup;
			children = (
				231412A21EAC7C7900368974 /* geometry-shader.txt */,
				231412A31EAC7C7900368974 /* monster_hellknight.png */,
				231412A41EAC7C7900368974 /* OGLSBS27.cpp */,
				231411051EAC795100368974 /* filePath.h */,
				231411061EAC795100368974 /* filePath.mm */,
				231411071EAC795100368974 /* fragment-shader.txt */,
				231411081EAC795100368974 /* glew.c */,
				231411091EAC795100368974 /* glew.h */,
				2314110A1EAC795100368974 /* glfw3.h */,
				2314120D1EAC795200368974 /* libglfw3.a */,
				2314120F1EAC795200368974 /* stb_image.h */,
				231412101EAC795200368974 /* tdogl */,
				2314121B1EAC795200368974 /* vertex-shader.txt */,
				2314121C1EAC795200368974 /* wooden-crate.jpg */,
				231410F41EAC78BD00368974 /* Supporting Files */,
			);
			path = OGLSBS27;
			sourceTree = "<group>";
		};
		231410F41EAC78BD00368974 /* Supporting Files */ = {
			isa = PBXGroup;
			children = (
			);
			name = "Supporting Files";
			sourceTree = "<group>";
		};
		231412101EAC795200368974 /* tdogl */ = {
			isa = PBXGroup;
			children = (
				231412111EAC795200368974 /* Bitmap.cpp */,
				231412121EAC795200368974 /* Bitmap.h */,
				231412131EAC795200368974 /* Camera.cpp */,
				231412141EAC795200368974 /* Camera.h */,
				231412151EAC795200368974 /* Program.cpp */,
				231412161EAC795200368974 /* Program.h */,
				231412171EAC795200368974 /* Shader.cpp */,
				231412181EAC795200368974 /* Shader.h */,
				231412191EAC795200368974 /* Texture.cpp */,
				2314121A1EAC795200368974 /* Texture.h */,
			);
			path = tdogl;
			sourceTree = "<group>";
		};
		231412991EAC7B3600368974 /* Frameworks */ = {
			isa = PBXGroup;
			children = (
				231412A01EAC7B5A00368974 /* IOKit.framework */,
				2314129E1EAC7B4D00368974 /* OpenGL.framework */,
				2314129C1EAC7B4200368974 /* CoreVideo.framework */,
				2314129A1EAC7B3600368974 /* Cocoa.framework */,
			);
			name = Frameworks;
			sourceTree = "<group>";
		};
/* End PBXGroup section */

/* Begin PBXNativeTarget section */
		231410ED1EAC78BD00368974 /* OGLSBS27 */ = {
			isa = PBXNativeTarget;
			buildConfigurationList = 231411021EAC78BD00368974 /* Build configuration list for PBXNativeTarget "OGLSBS27" */;
			buildPhases = (
				231410EA1EAC78BD00368974 /* Sources */,
				231410EB1EAC78BD00368974 /* Frameworks */,
				231410EC1EAC78BD00368974 /* Resources */,
			);
			buildRules = (
			);
			dependencies = (
			);
			name = OGLSBS27;
			productName = OGLSBS27;
			productReference = 231410EE1EAC78BD00368974 /* OGLSBS27.app */;
			productType = "com.apple.product-type.application";
		};
/* End PBXNativeTarget section */

/* Begin PBXProject section */
		231410E61EAC78BD00368974 /* Project object */ = {
			isa = PBXProject;
			attributes = {
				LastUpgradeCheck = 0830;
				ORGANIZATIONNAME = cyj;
				TargetAttributes = {
					231410ED1EAC78BD00368974 = {
						CreatedOnToolsVersion = 8.3.1;
						DevelopmentTeam = QLZX6CW3EE;
						ProvisioningStyle = Automatic;
					};
				};
			};
			buildConfigurationList = 231410E91EAC78BD00368974 /* Build configuration list for PBXProject "OGLSBS27" */;
			compatibilityVersion = "Xcode 3.2";
			developmentRegion = English;
			hasScannedForEncodings = 0;
			knownRegions = (
				en,
				Base,
			);
			mainGroup = 231410E51EAC78BD00368974;
			productRefGroup = 231410EF1EAC78BD00368974 /* Products */;
			projectDirPath = "";
			projectRoot = "";
			targets = (
				231410ED1EAC78BD00368974 /* OGLSBS27 */,
			);
		};
/* End PBXProject section */

/* Begin PBXResourcesBuildPhase section */
		231410EC1EAC78BD00368974 /* Resources */ = {
			isa = PBXResourcesBuildPhase;
			buildActionMask = 2147483647;
			files = (
				231412971EAC795200368974 /* vertex-shader.txt in Resources */,
				231412A51EAC7C7900368974 /* geometry-shader.txt in Resources */,
				2314121E1EAC795200368974 /* fragment-shader.txt in Resources */,
				231412A61EAC7C7900368974 /* monster_hellknight.png in Resources */,
				231412981EAC795200368974 /* wooden-crate.jpg in Resources */,
			);
			runOnlyForDeploymentPostprocessing = 0;
		};
/* End PBXResourcesBuildPhase section */

/* Begin PBXSourcesBuildPhase section */
		231410EA1EAC78BD00368974 /* Sources */ = {
			isa = PBXSourcesBuildPhase;
			buildActionMask = 2147483647;
			files = (
				231412951EAC795200368974 /* Shader.cpp in Sources */,
				2314121F1EAC795200368974 /* glew.c in Sources */,
				231412931EAC795200368974 /* Camera.cpp in Sources */,
				231412921EAC795200368974 /* Bitmap.cpp in Sources */,
				231412961EAC795200368974 /* Texture.cpp in Sources */,
				231412941EAC795200368974 /* Program.cpp in Sources */,
				2314121D1EAC795200368974 /* filePath.mm in Sources */,
				231412A71EAC7C7900368974 /* OGLSBS27.cpp in Sources */,
			);
			runOnlyForDeploymentPostprocessing = 0;
		};
/* End PBXSourcesBuildPhase section */

/* Begin XCBuildConfiguration section */
		231411001EAC78BD00368974 /* Debug */ = {
			isa = XCBuildConfiguration;
			buildSettings = {
				ALWAYS_SEARCH_USER_PATHS = NO;
				CLANG_ANALYZER_NONNULL = YES;
				CLANG_ANALYZER_NUMBER_OBJECT_CONVERSION = YES_AGGRESSIVE;
				CLANG_CXX_LANGUAGE_STANDARD = "gnu++0x";
				CLANG_CXX_LIBRARY = "libc++";
				CLANG_ENABLE_MODULES = YES;
				CLANG_ENABLE_OBJC_ARC = YES;
				CLANG_WARN_BOOL_CONVERSION = YES;
				CLANG_WARN_CONSTANT_CONVERSION = YES;
				CLANG_WARN_DIRECT_OBJC_ISA_USAGE = YES_ERROR;
				CLANG_WARN_DOCUMENTATION_COMMENTS = YES;
				CLANG_WARN_EMPTY_BODY = YES;
				CLANG_WARN_ENUM_CONVERSION = YES;
				CLANG_WARN_INFINITE_RECURSION = YES;
				CLANG_WARN_INT_CONVERSION = YES;
				CLANG_WARN_OBJC_ROOT_CLASS = YES_ERROR;
				CLANG_WARN_SUSPICIOUS_MOVE = YES;
				CLANG_WARN_UNREACHABLE_CODE = YES;
				CLANG_WARN__DUPLICATE_METHOD_MATCH = YES;
				CODE_SIGN_IDENTITY = "-";
				COPY_PHASE_STRIP = NO;
				DEBUG_INFORMATION_FORMAT = dwarf;
				ENABLE_STRICT_OBJC_MSGSEND = YES;
				ENABLE_TESTABILITY = YES;
				GCC_C_LANGUAGE_STANDARD = gnu99;
				GCC_DYNAMIC_NO_PIC = NO;
				GCC_NO_COMMON_BLOCKS = YES;
				GCC_OPTIMIZATION_LEVEL = 0;
				GCC_PREPROCESSOR_DEFINITIONS = (
					"DEBUG=1",
					"$(inherited)",
				);
				GCC_WARN_64_TO_32_BIT_CONVERSION = YES;
				GCC_WARN_ABOUT_RETURN_TYPE = YES_ERROR;
				GCC_WARN_UNDECLARED_SELECTOR = YES;
				GCC_WARN_UNINITIALIZED_AUTOS = YES_AGGRESSIVE;
				GCC_WARN_UNUSED_FUNCTION = YES;
				GCC_WARN_UNUSED_VARIABLE = YES;
				MACOSX_DEPLOYMENT_TARGET = 10.12;
				MTL_ENABLE_DEBUG_INFO = YES;
				ONLY_ACTIVE_ARCH = YES;
				SDKROOT = macosx;
			};
			name = Debug;
		};
		231411011EAC78BD00368974 /* Release */ = {
			isa = XCBuildConfiguration;
			buildSettings = {
				ALWAYS_SEARCH_USER_PATHS = NO;
				CLANG_ANALYZER_NONNULL = YES;
				CLANG_ANALYZER_NUMBER_OBJECT_CONVERSION = YES_AGGRESSIVE;
				CLANG_CXX_LANGUAGE_STANDARD = "gnu++0x";
				CLANG_CXX_LIBRARY = "libc++";
				CLANG_ENABLE_MODULES = YES;
				CLANG_ENABLE_OBJC_ARC = YES;
				CLANG_WARN_BOOL_CONVERSION = YES;
				CLANG_WARN_CONSTANT_CONVERSION = YES;
				CLANG_WARN_DIRECT_OBJC_ISA_USAGE = YES_ERROR;
				CLANG_WARN_DOCUMENTATION_COMMENTS = YES;
				CLANG_WARN_EMPTY_BODY = YES;
				CLANG_WARN_ENUM_CONVERSION = YES;
				CLANG_WARN_INFINITE_RECURSION = YES;
				CLANG_WARN_INT_CONVERSION = YES;
				CLANG_WARN_OBJC_ROOT_CLASS = YES_ERROR;
				CLANG_WARN_SUSPICIOUS_MOVE = YES;
				CLANG_WARN_UNREACHABLE_CODE = YES;
				CLANG_WARN__DUPLICATE_METHOD_MATCH = YES;
				CODE_SIGN_IDENTITY = "-";
				COPY_PHASE_STRIP = NO;
				DEBUG_INFORMATION_FORMAT = "dwarf-with-dsym";
				ENABLE_NS_ASSERTIONS = NO;
				ENABLE_STRICT_OBJC_MSGSEND = YES;
				GCC_C_LANGUAGE_STANDARD = gnu99;
				GCC_NO_COMMON_BLOCKS = YES;
				GCC_WARN_64_TO_32_BIT_CONVERSION = YES;
				GCC_WARN_ABOUT_RETURN_TYPE = YES_ERROR;
				GCC_WARN_UNDECLARED_SELECTOR = YES;
				GCC_WARN_UNINITIALIZED_AUTOS = YES_AGGRESSIVE;
				GCC_WARN_UNUSED_FUNCTION = YES;
				GCC_WARN_UNUSED_VARIABLE = YES;
				MACOSX_DEPLOYMENT_TARGET = 10.12;
				MTL_ENABLE_DEBUG_INFO = NO;
				SDKROOT = macosx;
			};
			name = Release;
		};
		231411031EAC78BD00368974 /* Debug */ = {
			isa = XCBuildConfiguration;
			buildSettings = {
				ASSETCATALOG_COMPILER_APPICON_NAME = AppIcon;
				CLANG_ENABLE_MODULES = NO;
				COMBINE_HIDPI_IMAGES = YES;
				DEVELOPMENT_TEAM = QLZX6CW3EE;
				INFOPLIST_FILE = "";
				LD_RUNPATH_SEARCH_PATHS = "$(inherited) @executable_path/../Frameworks";
				LIBRARY_SEARCH_PATHS = (
					"$(inherited)",
					"$(PROJECT_DIR)/OGLSBS27",
				);
				PRODUCT_BUNDLE_IDENTIFIER = com.cyj.OGLSBS27;
				PRODUCT_NAME = "$(TARGET_NAME)";
			};
			name = Debug;
		};
		231411041EAC78BD00368974 /* Release */ = {
			isa = XCBuildConfiguration;
			buildSettings = {
				ASSETCATALOG_COMPILER_APPICON_NAME = AppIcon;
				CLANG_ENABLE_MODULES = NO;
				COMBINE_HIDPI_IMAGES = YES;
				DEVELOPMENT_TEAM = QLZX6CW3EE;
				INFOPLIST_FILE = "";
				LD_RUNPATH_SEARCH_PATHS = "$(inherited) @executable_path/../Frameworks";
				LIBRARY_SEARCH_PATHS = (
					"$(inherited)",
					"$(PROJECT_DIR)/OGLSBS27",
				);
				PRODUCT_BUNDLE_IDENTIFIER = com.cyj.OGLSBS27;
				PRODUCT_NAME = "$(TARGET_NAME)";
			};
			name = Release;
		};
/* End XCBuildConfiguration section */

/* Begin XCConfigurationList section */
		231410E91EAC78BD00368974 /* Build configuration list for PBXProject "OGLSBS27" */ = {
			isa = XCConfigurationList;
			buildConfigurations = (
				231411001EAC78BD00368974 /* Debug */,
				231411011EAC78BD00368974 /* Release */,
			);
			defaultConfigurationIsVisible = 0;
			defaultConfigurationName = Release;
		};
		231411021EAC78BD00368974 /* Build configuration list for PBXNativeTarget "OGLSBS27" */ = {
			isa = XCConfigurationList;
			buildConfigurations = (
				231411031EAC78BD00368974 /* Debug */,
				231411041EAC78BD00368974 /* Release */,
			);
			defaultConfigurationIsVisible = 0;
			defaultConfigurationName = Release;
		};
/* End XCConfigurationList section */
	};
	rootObject = 231410E61EAC78BD00368974 /* Project object */;
}
