
Microsoft Visual Studio Solution File, Format Version 12.00
# Visual Studio 14
VisualStudioVersion = 14.0.24720.0
MinimumVisualStudioVersion = 10.0.40219.1
Project("{8BC9CEB8-8B4A-11D0-8D11-00A0C91BC942}") = "OpenGL01", "OpenGL01\OpenGL01.vcxproj", "{A9690214-72A7-4B94-BACC-B91F64731422}"
EndProject
Global
	GlobalSection(SolutionConfigurationPlatforms) = preSolution
		Debug|x64 = Debug|x64
		Debug|x86 = Debug|x86
		Release|x64 = Release|x64
		Release|x86 = Release|x86
	EndGlobalSection
	GlobalSection(ProjectConfigurationPlatforms) = postSolution
		{A9690214-72A7-4B94-BACC-B91F64731422}.Debug|x64.ActiveCfg = Debug|x64
		{A9690214-72A7-4B94-BACC-B91F64731422}.Debug|x64.Build.0 = Debug|x64
		{A9690214-72A7-4B94-BACC-B91F64731422}.Debug|x86.ActiveCfg = Debug|Win32
		{A9690214-72A7-4B94-BACC-B91F64731422}.Debug|x86.Build.0 = Debug|Win32
		{A9690214-72A7-4B94-BACC-B91F64731422}.Release|x64.ActiveCfg = Release|x64
		{A9690214-72A7-4B94-BACC-B91F64731422}.Release|x64.Build.0 = Release|x64
		{A9690214-72A7-4B94-BACC-B91F64731422}.Release|x86.ActiveCfg = Release|Win32
		{A9690214-72A7-4B94-BACC-B91F64731422}.Release|x86.Build.0 = Release|Win32
	EndGlobalSection
	GlobalSection(SolutionProperties) = preSolution
		HideSolutionNode = FALSE
	EndGlobalSection
EndGlobal
