// !$*UTF8*$!
{
	archiveVersion = 1;
	classes = {
	};
	objectVersion = 46;
	objects = {

/* Begin PBXBuildFile section */
		2362DB581D0853F300149F8C /* Bitmap.cpp in Sources */ = {isa = PBXBuildFile; fileRef = 2362DB4E1D0853F300149F8C /* Bitmap.cpp */; };
		2362DB591D0853F300149F8C /* Camera.cpp in Sources */ = {isa = PBXBuildFile; fileRef = 2362DB501D0853F300149F8C /* Camera.cpp */; };
		2362DB5A1D0853F300149F8C /* Program.cpp in Sources */ = {isa = PBXBuildFile; fileRef = 2362DB521D0853F300149F8C /* Program.cpp */; };
		2362DB5B1D0853F300149F8C /* Shader.cpp in Sources */ = {isa = PBXBuildFile; fileRef = 2362DB541D0853F300149F8C /* Shader.cpp */; };
		2362DB5C1D0853F300149F8C /* Texture.cpp in Sources */ = {isa = PBXBuildFile; fileRef = 2362DB561D0853F300149F8C /* Texture.cpp */; };
		2362DB5E1D0853FC00149F8C /* OpenGL07.cpp in Sources */ = {isa = PBXBuildFile; fileRef = 2362DB5D1D0853FC00149F8C /* OpenGL07.cpp */; };
		2362DB601D08544B00149F8C /* libglfw3.a in Frameworks */ = {isa = PBXBuildFile; fileRef = 2362DB5F1D08544B00149F8C /* libglfw3.a */; };
		2362DB621D08545600149F8C /* Cocoa.framework in Frameworks */ = {isa = PBXBuildFile; fileRef = 2362DB611D08545600149F8C /* Cocoa.framework */; };
		2362DB641D08546700149F8C /* IOKit.framework in Frameworks */ = {isa = PBXBuildFile; fileRef = 2362DB631D08546700149F8C /* IOKit.framework */; };
		2362DB661D08547000149F8C /* CoreVideo.framework in Frameworks */ = {isa = PBXBuildFile; fileRef = 2362DB651D08547000149F8C /* CoreVideo.framework */; };
		2362DB681D08547800149F8C /* OpenGL.framework in Frameworks */ = {isa = PBXBuildFile; fileRef = 2362DB671D08547800149F8C /* OpenGL.framework */; };
		2362DB6A1D08549600149F8C /* glew.c in Sources */ = {isa = PBXBuildFile; fileRef = 2362DB691D08549600149F8C /* glew.c */; };
		2362DB701D0854D500149F8C /* filePath.mm in Sources */ = {isa = PBXBuildFile; fileRef = 2362DB6F1D0854D500149F8C /* filePath.mm */; };
		2362DB741D0854E600149F8C /* wooden-crate.jpg in Resources */ = {isa = PBXBuildFile; fileRef = 2362DB711D0854E600149F8C /* wooden-crate.jpg */; };
		2362DB751D0854E600149F8C /* fragment-shader.txt in Resources */ = {isa = PBXBuildFile; fileRef = 2362DB721D0854E600149F8C /* fragment-shader.txt */; };
		2362DB761D0854E600149F8C /* vertex-shader.txt in Resources */ = {isa = PBXBuildFile; fileRef = 2362DB731D0854E600149F8C /* vertex-shader.txt */; };
/* End PBXBuildFile section */

/* Begin PBXFileReference section */
		2362DB391D0853B500149F8C /* OpenGL07.app */ = {isa = PBXFileReference; explicitFileType = wrapper.application; includeInIndex = 0; path = OpenGL07.app; sourceTree = BUILT_PRODUCTS_DIR; };
		2362DB4E1D0853F300149F8C /* Bitmap.cpp */ = {isa = PBXFileReference; fileEncoding = 4; lastKnownFileType = sourcecode.cpp.cpp; path = Bitmap.cpp; sourceTree = "<group>"; };
		2362DB4F1D0853F300149F8C /* Bitmap.h */ = {isa = PBXFileReference; fileEncoding = 4; lastKnownFileType = sourcecode.c.h; path = Bitmap.h; sourceTree = "<group>"; };
		2362DB501D0853F300149F8C /* Camera.cpp */ = {isa = PBXFileReference; fileEncoding = 4; lastKnownFileType = sourcecode.cpp.cpp; path = Camera.cpp; sourceTree = "<group>"; };
		2362DB511D0853F300149F8C /* Camera.h */ = {isa = PBXFileReference; fileEncoding = 4; lastKnownFileType = sourcecode.c.h; path = Camera.h; sourceTree = "<group>"; };
		2362DB521D0853F300149F8C /* Program.cpp */ = {isa = PBXFileReference; fileEncoding = 4; lastKnownFileType = sourcecode.cpp.cpp; path = Program.cpp; sourceTree = "<group>"; };
		2362DB531D0853F300149F8C /* Program.h */ = {isa = PBXFileReference; fileEncoding = 4; lastKnownFileType = sourcecode.c.h; path = Program.h; sourceTree = "<group>"; };
		2362DB541D0853F300149F8C /* Shader.cpp */ = {isa = PBXFileReference; fileEncoding = 4; lastKnownFileType = sourcecode.cpp.cpp; path = Shader.cpp; sourceTree = "<group>"; };
		2362DB551D0853F300149F8C /* Shader.h */ = {isa = PBXFileReference; fileEncoding = 4; lastKnownFileType = sourcecode.c.h; path = Shader.h; sourceTree = "<group>"; };
		2362DB561D0853F300149F8C /* Texture.cpp */ = {isa = PBXFileReference; fileEncoding = 4; lastKnownFileType = sourcecode.cpp.cpp; path = Texture.cpp; sourceTree = "<group>"; };
		2362DB571D0853F300149F8C /* Texture.h */ = {isa = PBXFileReference; fileEncoding = 4; lastKnownFileType = sourcecode.c.h; path = Texture.h; sourceTree = "<group>"; };
		2362DB5D1D0853FC00149F8C /* OpenGL07.cpp */ = {isa = PBXFileReference; fileEncoding = 4; lastKnownFileType = sourcecode.cpp.cpp; path = OpenGL07.cpp; sourceTree = "<group>"; };
		2362DB5F1D08544B00149F8C /* libglfw3.a */ = {isa = PBXFileReference; lastKnownFileType = archive.ar; name = libglfw3.a; path = OpenGL07/libglfw3.a; sourceTree = "<group>"; };
		2362DB611D08545600149F8C /* Cocoa.framework */ = {isa = PBXFileReference; lastKnownFileType = wrapper.framework; name = Cocoa.framework; path = System/Library/Frameworks/Cocoa.framework; sourceTree = SDKROOT; };
		2362DB631D08546700149F8C /* IOKit.framework */ = {isa = PBXFileReference; lastKnownFileType = wrapper.framework; name = IOKit.framework; path = System/Library/Frameworks/IOKit.framework; sourceTree = SDKROOT; };
		2362DB651D08547000149F8C /* CoreVideo.framework */ = {isa = PBXFileReference; lastKnownFileType = wrapper.framework; name = CoreVideo.framework; path = System/Library/Frameworks/CoreVideo.framework; sourceTree = SDKROOT; };
		2362DB671D08547800149F8C /* OpenGL.framework */ = {isa = PBXFileReference; lastKnownFileType = wrapper.framework; name = OpenGL.framework; path = System/Library/Frameworks/OpenGL.framework; sourceTree = SDKROOT; };
		2362DB691D08549600149F8C /* glew.c */ = {isa = PBXFileReference; fileEncoding = 4; lastKnownFileType = sourcecode.c.c; path = glew.c; sourceTree = "<group>"; };
		2362DB6B1D0854D500149F8C /* filePath.h */ = {isa = PBXFileReference; fileEncoding = 4; lastKnownFileType = sourcecode.c.h; path = filePath.h; sourceTree = "<group>"; };
		2362DB6C1D0854D500149F8C /* glew.h */ = {isa = PBXFileReference; fileEncoding = 4; lastKnownFileType = sourcecode.c.h; path = glew.h; sourceTree = "<group>"; };
		2362DB6D1D0854D500149F8C /* glfw3.h */ = {isa = PBXFileReference; fileEncoding = 4; lastKnownFileType = sourcecode.c.h; path = glfw3.h; sourceTree = "<group>"; };
		2362DB6E1D0854D500149F8C /* stb_image.h */ = {isa = PBXFileReference; fileEncoding = 4; lastKnownFileType = sourcecode.c.h; path = stb_image.h; sourceTree = "<group>"; };
		2362DB6F1D0854D500149F8C /* filePath.mm */ = {isa = PBXFileReference; fileEncoding = 4; lastKnownFileType = sourcecode.cpp.objcpp; path = filePath.mm; sourceTree = "<group>"; };
		2362DB711D0854E600149F8C /* wooden-crate.jpg */ = {isa = PBXFileReference; lastKnownFileType = image.jpeg; name = "wooden-crate.jpg"; path = "OpenGL07/wooden-crate.jpg"; sourceTree = "<group>"; };
		2362DB721D0854E600149F8C /* fragment-shader.txt */ = {isa = PBXFileReference; fileEncoding = 4; lastKnownFileType = text; name = "fragment-shader.txt"; path = "OpenGL07/fragment-shader.txt"; sourceTree = "<group>"; };
		2362DB731D0854E600149F8C /* vertex-shader.txt */ = {isa = PBXFileReference; fileEncoding = 4; lastKnownFileType = text; name = "vertex-shader.txt"; path = "OpenGL07/vertex-shader.txt"; sourceTree = "<group>"; };
/* End PBXFileReference section */

/* Begin PBXFrameworksBuildPhase section */
		2362DB361D0853B500149F8C /* Frameworks */ = {
			isa = PBXFrameworksBuildPhase;
			buildActionMask = 2147483647;
			files = (
				2362DB681D08547800149F8C /* OpenGL.framework in Frameworks */,
				2362DB661D08547000149F8C /* CoreVideo.framework in Frameworks */,
				2362DB641D08546700149F8C /* IOKit.framework in Frameworks */,
				2362DB621D08545600149F8C /* Cocoa.framework in Frameworks */,
				2362DB601D08544B00149F8C /* libglfw3.a in Frameworks */,
			);
			runOnlyForDeploymentPostprocessing = 0;
		};
/* End PBXFrameworksBuildPhase section */

/* Begin PBXGroup section */
		2362DB301D0853B500149F8C = {
			isa = PBXGroup;
			children = (
				2362DB711D0854E600149F8C /* wooden-crate.jpg */,
				2362DB721D0854E600149F8C /* fragment-shader.txt */,
				2362DB731D0854E600149F8C /* vertex-shader.txt */,
				2362DB671D08547800149F8C /* OpenGL.framework */,
				2362DB651D08547000149F8C /* CoreVideo.framework */,
				2362DB631D08546700149F8C /* IOKit.framework */,
				2362DB611D08545600149F8C /* Cocoa.framework */,
				2362DB5F1D08544B00149F8C /* libglfw3.a */,
				2362DB3B1D0853B500149F8C /* OpenGL07 */,
				2362DB3A1D0853B500149F8C /* Products */,
			);
			sourceTree = "<group>";
		};
		2362DB3A1D0853B500149F8C /* Products */ = {
			isa = PBXGroup;
			children = (
				2362DB391D0853B500149F8C /* OpenGL07.app */,
			);
			name = Products;
			sourceTree = "<group>";
		};
		2362DB3B1D0853B500149F8C /* OpenGL07 */ = {
			isa = PBXGroup;
			children = (
				2362DB691D08549600149F8C /* glew.c */,
				2362DB3F1D0853B500149F8C /* Supporting Files */,
			);
			path = OpenGL07;
			sourceTree = "<group>";
		};
		2362DB3F1D0853B500149F8C /* Supporting Files */ = {
			isa = PBXGroup;
			children = (
				2362DB6B1D0854D500149F8C /* filePath.h */,
				2362DB6C1D0854D500149F8C /* glew.h */,
				2362DB6D1D0854D500149F8C /* glfw3.h */,
				2362DB6E1D0854D500149F8C /* stb_image.h */,
				2362DB6F1D0854D500149F8C /* filePath.mm */,
				2362DB5D1D0853FC00149F8C /* OpenGL07.cpp */,
				2362DB4D1D0853F300149F8C /* tdogl */,
			);
			name = "Supporting Files";
			sourceTree = "<group>";
		};
		2362DB4D1D0853F300149F8C /* tdogl */ = {
			isa = PBXGroup;
			children = (
				2362DB4E1D0853F300149F8C /* Bitmap.cpp */,
				2362DB4F1D0853F300149F8C /* Bitmap.h */,
				2362DB501D0853F300149F8C /* Camera.cpp */,
				2362DB511D0853F300149F8C /* Camera.h */,
				2362DB521D0853F300149F8C /* Program.cpp */,
				2362DB531D0853F300149F8C /* Program.h */,
				2362DB541D0853F300149F8C /* Shader.cpp */,
				2362DB551D0853F300149F8C /* Shader.h */,
				2362DB561D0853F300149F8C /* Texture.cpp */,
				2362DB571D0853F300149F8C /* Texture.h */,
			);
			path = tdogl;
			sourceTree = "<group>";
		};
/* End PBXGroup section */

/* Begin PBXNativeTarget section */
		2362DB381D0853B500149F8C /* OpenGL07 */ = {
			isa = PBXNativeTarget;
			buildConfigurationList = 2362DB4A1D0853B500149F8C /* Build configuration list for PBXNativeTarget "OpenGL07" */;
			buildPhases = (
				2362DB351D0853B500149F8C /* Sources */,
				2362DB361D0853B500149F8C /* Frameworks */,
				2362DB371D0853B500149F8C /* Resources */,
			);
			buildRules = (
			);
			dependencies = (
			);
			name = OpenGL07;
			productName = OpenGL07;
			productReference = 2362DB391D0853B500149F8C /* OpenGL07.app */;
			productType = "com.apple.product-type.application";
		};
/* End PBXNativeTarget section */

/* Begin PBXProject section */
		2362DB311D0853B500149F8C /* Project object */ = {
			isa = PBXProject;
			attributes = {
				LastUpgradeCheck = 0730;
				ORGANIZATIONNAME = cyj;
				TargetAttributes = {
					2362DB381D0853B500149F8C = {
						CreatedOnToolsVersion = 7.3.1;
					};
				};
			};
			buildConfigurationList = 2362DB341D0853B500149F8C /* Build configuration list for PBXProject "OpenGL07" */;
			compatibilityVersion = "Xcode 3.2";
			developmentRegion = English;
			hasScannedForEncodings = 0;
			knownRegions = (
				en,
				Base,
			);
			mainGroup = 2362DB301D0853B500149F8C;
			productRefGroup = 2362DB3A1D0853B500149F8C /* Products */;
			projectDirPath = "";
			projectRoot = "";
			targets = (
				2362DB381D0853B500149F8C /* OpenGL07 */,
			);
		};
/* End PBXProject section */

/* Begin PBXResourcesBuildPhase section */
		2362DB371D0853B500149F8C /* Resources */ = {
			isa = PBXResourcesBuildPhase;
			buildActionMask = 2147483647;
			files = (
				2362DB761D0854E600149F8C /* vertex-shader.txt in Resources */,
				2362DB741D0854E600149F8C /* wooden-crate.jpg in Resources */,
				2362DB751D0854E600149F8C /* fragment-shader.txt in Resources */,
			);
			runOnlyForDeploymentPostprocessing = 0;
		};
/* End PBXResourcesBuildPhase section */

/* Begin PBXSourcesBuildPhase section */
		2362DB351D0853B500149F8C /* Sources */ = {
			isa = PBXSourcesBuildPhase;
			buildActionMask = 2147483647;
			files = (
				2362DB701D0854D500149F8C /* filePath.mm in Sources */,
				2362DB5C1D0853F300149F8C /* Texture.cpp in Sources */,
				2362DB5A1D0853F300149F8C /* Program.cpp in Sources */,
				2362DB5E1D0853FC00149F8C /* OpenGL07.cpp in Sources */,
				2362DB6A1D08549600149F8C /* glew.c in Sources */,
				2362DB591D0853F300149F8C /* Camera.cpp in Sources */,
				2362DB5B1D0853F300149F8C /* Shader.cpp in Sources */,
				2362DB581D0853F300149F8C /* Bitmap.cpp in Sources */,
			);
			runOnlyForDeploymentPostprocessing = 0;
		};
/* End PBXSourcesBuildPhase section */

/* Begin XCBuildConfiguration section */
		2362DB481D0853B500149F8C /* Debug */ = {
			isa = XCBuildConfiguration;
			buildSettings = {
				ALWAYS_SEARCH_USER_PATHS = NO;
				CLANG_ANALYZER_NONNULL = YES;
				CLANG_CXX_LANGUAGE_STANDARD = "gnu++0x";
				CLANG_CXX_LIBRARY = "libc++";
				CLANG_ENABLE_MODULES = YES;
				CLANG_ENABLE_OBJC_ARC = YES;
				CLANG_WARN_BOOL_CONVERSION = YES;
				CLANG_WARN_CONSTANT_CONVERSION = YES;
				CLANG_WARN_DIRECT_OBJC_ISA_USAGE = YES_ERROR;
				CLANG_WARN_EMPTY_BODY = YES;
				CLANG_WARN_ENUM_CONVERSION = YES;
				CLANG_WARN_INT_CONVERSION = YES;
				CLANG_WARN_OBJC_ROOT_CLASS = YES_ERROR;
				CLANG_WARN_UNREACHABLE_CODE = YES;
				CLANG_WARN__DUPLICATE_METHOD_MATCH = YES;
				CODE_SIGN_IDENTITY = "-";
				COPY_PHASE_STRIP = NO;
				DEBUG_INFORMATION_FORMAT = dwarf;
				ENABLE_STRICT_OBJC_MSGSEND = YES;
				ENABLE_TESTABILITY = YES;
				GCC_C_LANGUAGE_STANDARD = gnu99;
				GCC_DYNAMIC_NO_PIC = NO;
				GCC_NO_COMMON_BLOCKS = YES;
				GCC_OPTIMIZATION_LEVEL = 0;
				GCC_PREPROCESSOR_DEFINITIONS = (
					"DEBUG=1",
					"$(inherited)",
				);
				GCC_WARN_64_TO_32_BIT_CONVERSION = YES;
				GCC_WARN_ABOUT_RETURN_TYPE = YES_ERROR;
				GCC_WARN_UNDECLARED_SELECTOR = YES;
				GCC_WARN_UNINITIALIZED_AUTOS = YES_AGGRESSIVE;
				GCC_WARN_UNUSED_FUNCTION = YES;
				GCC_WARN_UNUSED_VARIABLE = YES;
				MACOSX_DEPLOYMENT_TARGET = 10.11;
				MTL_ENABLE_DEBUG_INFO = YES;
				ONLY_ACTIVE_ARCH = YES;
				SDKROOT = macosx;
			};
			name = Debug;
		};
		2362DB491D0853B500149F8C /* Release */ = {
			isa = XCBuildConfiguration;
			buildSettings = {
				ALWAYS_SEARCH_USER_PATHS = NO;
				CLANG_ANALYZER_NONNULL = YES;
				CLANG_CXX_LANGUAGE_STANDARD = "gnu++0x";
				CLANG_CXX_LIBRARY = "libc++";
				CLANG_ENABLE_MODULES = YES;
				CLANG_ENABLE_OBJC_ARC = YES;
				CLANG_WARN_BOOL_CONVERSION = YES;
				CLANG_WARN_CONSTANT_CONVERSION = YES;
				CLANG_WARN_DIRECT_OBJC_ISA_USAGE = YES_ERROR;
				CLANG_WARN_EMPTY_BODY = YES;
				CLANG_WARN_ENUM_CONVERSION = YES;
				CLANG_WARN_INT_CONVERSION = YES;
				CLANG_WARN_OBJC_ROOT_CLASS = YES_ERROR;
				CLANG_WARN_UNREACHABLE_CODE = YES;
				CLANG_WARN__DUPLICATE_METHOD_MATCH = YES;
				CODE_SIGN_IDENTITY = "-";
				COPY_PHASE_STRIP = NO;
				DEBUG_INFORMATION_FORMAT = "dwarf-with-dsym";
				ENABLE_NS_ASSERTIONS = NO;
				ENABLE_STRICT_OBJC_MSGSEND = YES;
				GCC_C_LANGUAGE_STANDARD = gnu99;
				GCC_NO_COMMON_BLOCKS = YES;
				GCC_WARN_64_TO_32_BIT_CONVERSION = YES;
				GCC_WARN_ABOUT_RETURN_TYPE = YES_ERROR;
				GCC_WARN_UNDECLARED_SELECTOR = YES;
				GCC_WARN_UNINITIALIZED_AUTOS = YES_AGGRESSIVE;
				GCC_WARN_UNUSED_FUNCTION = YES;
				GCC_WARN_UNUSED_VARIABLE = YES;
				MACOSX_DEPLOYMENT_TARGET = 10.11;
				MTL_ENABLE_DEBUG_INFO = NO;
				SDKROOT = macosx;
			};
			name = Release;
		};
		2362DB4B1D0853B500149F8C /* Debug */ = {
			isa = XCBuildConfiguration;
			buildSettings = {
				ASSETCATALOG_COMPILER_APPICON_NAME = AppIcon;
				CLANG_ENABLE_MODULES = NO;
				COMBINE_HIDPI_IMAGES = YES;
				INFOPLIST_FILE = "";
				LD_RUNPATH_SEARCH_PATHS = "$(inherited) @executable_path/../Frameworks";
				LIBRARY_SEARCH_PATHS = (
					"$(inherited)",
					"$(PROJECT_DIR)/OpenGL07",
				);
				PRODUCT_BUNDLE_IDENTIFIER = com.cyj.OpenGL07;
				PRODUCT_NAME = "$(TARGET_NAME)";
			};
			name = Debug;
		};
		2362DB4C1D0853B500149F8C /* Release */ = {
			isa = XCBuildConfiguration;
			buildSettings = {
				ASSETCATALOG_COMPILER_APPICON_NAME = AppIcon;
				CLANG_ENABLE_MODULES = NO;
				COMBINE_HIDPI_IMAGES = YES;
				INFOPLIST_FILE = "";
				LD_RUNPATH_SEARCH_PATHS = "$(inherited) @executable_path/../Frameworks";
				LIBRARY_SEARCH_PATHS = (
					"$(inherited)",
					"$(PROJECT_DIR)/OpenGL07",
				);
				PRODUCT_BUNDLE_IDENTIFIER = com.cyj.OpenGL07;
				PRODUCT_NAME = "$(TARGET_NAME)";
			};
			name = Release;
		};
/* End XCBuildConfiguration section */

/* Begin XCConfigurationList section */
		2362DB341D0853B500149F8C /* Build configuration list for PBXProject "OpenGL07" */ = {
			isa = XCConfigurationList;
			buildConfigurations = (
				2362DB481D0853B500149F8C /* Debug */,
				2362DB491D0853B500149F8C /* Release */,
			);
			defaultConfigurationIsVisible = 0;
			defaultConfigurationName = Release;
		};
		2362DB4A1D0853B500149F8C /* Build configuration list for PBXNativeTarget "OpenGL07" */ = {
			isa = XCConfigurationList;
			buildConfigurations = (
				2362DB4B1D0853B500149F8C /* Debug */,
				2362DB4C1D0853B500149F8C /* Release */,
			);
			defaultConfigurationIsVisible = 0;
		};
/* End XCConfigurationList section */
	};
	rootObject = 2362DB311D0853B500149F8C /* Project object */;
}
