// !$*UTF8*$!
{
	archiveVersion = 1;
	classes = {
	};
	objectVersion = 46;
	objects = {

/* Begin PBXBuildFile section */
		23453FFD1D0D8BFC009B03FF /* glew.c in Sources */ = {isa = PBXBuildFile; fileRef = 23453FFC1D0D8BFC009B03FF /* glew.c */; };
		23453FFF1D0D8C03009B03FF /* OpenGL08.cpp in Sources */ = {isa = PBXBuildFile; fileRef = 23453FFE1D0D8C03009B03FF /* OpenGL08.cpp */; };
		234540011D0D8C15009B03FF /* filePath.mm in Sources */ = {isa = PBXBuildFile; fileRef = 234540001D0D8C15009B03FF /* filePath.mm */; };
		2345400D1D0D8C20009B03FF /* Bitmap.cpp in Sources */ = {isa = PBXBuildFile; fileRef = 234540031D0D8C20009B03FF /* Bitmap.cpp */; };
		2345400E1D0D8C20009B03FF /* Camera.cpp in Sources */ = {isa = PBXBuildFile; fileRef = 234540051D0D8C20009B03FF /* Camera.cpp */; };
		2345400F1D0D8C20009B03FF /* Program.cpp in Sources */ = {isa = PBXBuildFile; fileRef = 234540071D0D8C20009B03FF /* Program.cpp */; };
		234540101D0D8C20009B03FF /* Shader.cpp in Sources */ = {isa = PBXBuildFile; fileRef = 234540091D0D8C20009B03FF /* Shader.cpp */; };
		234540111D0D8C20009B03FF /* Texture.cpp in Sources */ = {isa = PBXBuildFile; fileRef = 2345400B1D0D8C20009B03FF /* Texture.cpp */; };
		234540131D0D8C98009B03FF /* libglfw3.a in Frameworks */ = {isa = PBXBuildFile; fileRef = 234540121D0D8C98009B03FF /* libglfw3.a */; };
		234540151D0D8CA9009B03FF /* IOKit.framework in Frameworks */ = {isa = PBXBuildFile; fileRef = 234540141D0D8CA9009B03FF /* IOKit.framework */; };
		234540171D0D8CDB009B03FF /* OpenGL.framework in Frameworks */ = {isa = PBXBuildFile; fileRef = 234540161D0D8CDB009B03FF /* OpenGL.framework */; };
		234540191D0D8CE8009B03FF /* CoreVideo.framework in Frameworks */ = {isa = PBXBuildFile; fileRef = 234540181D0D8CE8009B03FF /* CoreVideo.framework */; };
		2345401B1D0D8CFA009B03FF /* Cocoa.framework in Frameworks */ = {isa = PBXBuildFile; fileRef = 2345401A1D0D8CFA009B03FF /* Cocoa.framework */; };
		2345401F1D0D8D1B009B03FF /* wooden-crate.jpg in Resources */ = {isa = PBXBuildFile; fileRef = 2345401C1D0D8D1B009B03FF /* wooden-crate.jpg */; };
		234540201D0D8D1B009B03FF /* fragment-shader.txt in Resources */ = {isa = PBXBuildFile; fileRef = 2345401D1D0D8D1B009B03FF /* fragment-shader.txt */; };
		234540211D0D8D1B009B03FF /* vertex-shader.txt in Resources */ = {isa = PBXBuildFile; fileRef = 2345401E1D0D8D1B009B03FF /* vertex-shader.txt */; };
/* End PBXBuildFile section */

/* Begin PBXFileReference section */
		23453FE41D0D8B9D009B03FF /* OpenGL08.app */ = {isa = PBXFileReference; explicitFileType = wrapper.application; includeInIndex = 0; path = OpenGL08.app; sourceTree = BUILT_PRODUCTS_DIR; };
		23453FF81D0D8BFC009B03FF /* filePath.h */ = {isa = PBXFileReference; fileEncoding = 4; lastKnownFileType = sourcecode.c.h; path = filePath.h; sourceTree = "<group>"; };
		23453FF91D0D8BFC009B03FF /* glew.h */ = {isa = PBXFileReference; fileEncoding = 4; lastKnownFileType = sourcecode.c.h; path = glew.h; sourceTree = "<group>"; };
		23453FFA1D0D8BFC009B03FF /* glfw3.h */ = {isa = PBXFileReference; fileEncoding = 4; lastKnownFileType = sourcecode.c.h; path = glfw3.h; sourceTree = "<group>"; };
		23453FFB1D0D8BFC009B03FF /* stb_image.h */ = {isa = PBXFileReference; fileEncoding = 4; lastKnownFileType = sourcecode.c.h; path = stb_image.h; sourceTree = "<group>"; };
		23453FFC1D0D8BFC009B03FF /* glew.c */ = {isa = PBXFileReference; fileEncoding = 4; lastKnownFileType = sourcecode.c.c; path = glew.c; sourceTree = "<group>"; };
		23453FFE1D0D8C03009B03FF /* OpenGL08.cpp */ = {isa = PBXFileReference; fileEncoding = 4; lastKnownFileType = sourcecode.cpp.cpp; path = OpenGL08.cpp; sourceTree = "<group>"; };
		234540001D0D8C15009B03FF /* filePath.mm */ = {isa = PBXFileReference; fileEncoding = 4; lastKnownFileType = sourcecode.cpp.objcpp; path = filePath.mm; sourceTree = "<group>"; };
		234540031D0D8C20009B03FF /* Bitmap.cpp */ = {isa = PBXFileReference; fileEncoding = 4; lastKnownFileType = sourcecode.cpp.cpp; path = Bitmap.cpp; sourceTree = "<group>"; };
		234540041D0D8C20009B03FF /* Bitmap.h */ = {isa = PBXFileReference; fileEncoding = 4; lastKnownFileType = sourcecode.c.h; path = Bitmap.h; sourceTree = "<group>"; };
		234540051D0D8C20009B03FF /* Camera.cpp */ = {isa = PBXFileReference; fileEncoding = 4; lastKnownFileType = sourcecode.cpp.cpp; path = Camera.cpp; sourceTree = "<group>"; };
		234540061D0D8C20009B03FF /* Camera.h */ = {isa = PBXFileReference; fileEncoding = 4; lastKnownFileType = sourcecode.c.h; path = Camera.h; sourceTree = "<group>"; };
		234540071D0D8C20009B03FF /* Program.cpp */ = {isa = PBXFileReference; fileEncoding = 4; lastKnownFileType = sourcecode.cpp.cpp; path = Program.cpp; sourceTree = "<group>"; };
		234540081D0D8C20009B03FF /* Program.h */ = {isa = PBXFileReference; fileEncoding = 4; lastKnownFileType = sourcecode.c.h; path = Program.h; sourceTree = "<group>"; };
		234540091D0D8C20009B03FF /* Shader.cpp */ = {isa = PBXFileReference; fileEncoding = 4; lastKnownFileType = sourcecode.cpp.cpp; path = Shader.cpp; sourceTree = "<group>"; };
		2345400A1D0D8C20009B03FF /* Shader.h */ = {isa = PBXFileReference; fileEncoding = 4; lastKnownFileType = sourcecode.c.h; path = Shader.h; sourceTree = "<group>"; };
		2345400B1D0D8C20009B03FF /* Texture.cpp */ = {isa = PBXFileReference; fileEncoding = 4; lastKnownFileType = sourcecode.cpp.cpp; path = Texture.cpp; sourceTree = "<group>"; };
		2345400C1D0D8C20009B03FF /* Texture.h */ = {isa = PBXFileReference; fileEncoding = 4; lastKnownFileType = sourcecode.c.h; path = Texture.h; sourceTree = "<group>"; };
		234540121D0D8C98009B03FF /* libglfw3.a */ = {isa = PBXFileReference; lastKnownFileType = archive.ar; name = libglfw3.a; path = OpenGL08/libglfw3.a; sourceTree = "<group>"; };
		234540141D0D8CA9009B03FF /* IOKit.framework */ = {isa = PBXFileReference; lastKnownFileType = wrapper.framework; name = IOKit.framework; path = System/Library/Frameworks/IOKit.framework; sourceTree = SDKROOT; };
		234540161D0D8CDB009B03FF /* OpenGL.framework */ = {isa = PBXFileReference; lastKnownFileType = wrapper.framework; name = OpenGL.framework; path = System/Library/Frameworks/OpenGL.framework; sourceTree = SDKROOT; };
		234540181D0D8CE8009B03FF /* CoreVideo.framework */ = {isa = PBXFileReference; lastKnownFileType = wrapper.framework; name = CoreVideo.framework; path = System/Library/Frameworks/CoreVideo.framework; sourceTree = SDKROOT; };
		2345401A1D0D8CFA009B03FF /* Cocoa.framework */ = {isa = PBXFileReference; lastKnownFileType = wrapper.framework; name = Cocoa.framework; path = System/Library/Frameworks/Cocoa.framework; sourceTree = SDKROOT; };
		2345401C1D0D8D1B009B03FF /* wooden-crate.jpg */ = {isa = PBXFileReference; lastKnownFileType = image.jpeg; name = "wooden-crate.jpg"; path = "OpenGL08/wooden-crate.jpg"; sourceTree = "<group>"; };
		2345401D1D0D8D1B009B03FF /* fragment-shader.txt */ = {isa = PBXFileReference; fileEncoding = 4; lastKnownFileType = text; name = "fragment-shader.txt"; path = "OpenGL08/fragment-shader.txt"; sourceTree = "<group>"; };
		2345401E1D0D8D1B009B03FF /* vertex-shader.txt */ = {isa = PBXFileReference; fileEncoding = 4; lastKnownFileType = text; name = "vertex-shader.txt"; path = "OpenGL08/vertex-shader.txt"; sourceTree = "<group>"; };
/* End PBXFileReference section */

/* Begin PBXFrameworksBuildPhase section */
		23453FE11D0D8B9D009B03FF /* Frameworks */ = {
			isa = PBXFrameworksBuildPhase;
			buildActionMask = 2147483647;
			files = (
				2345401B1D0D8CFA009B03FF /* Cocoa.framework in Frameworks */,
				234540191D0D8CE8009B03FF /* CoreVideo.framework in Frameworks */,
				234540171D0D8CDB009B03FF /* OpenGL.framework in Frameworks */,
				234540151D0D8CA9009B03FF /* IOKit.framework in Frameworks */,
				234540131D0D8C98009B03FF /* libglfw3.a in Frameworks */,
			);
			runOnlyForDeploymentPostprocessing = 0;
		};
/* End PBXFrameworksBuildPhase section */

/* Begin PBXGroup section */
		23453FDB1D0D8B9D009B03FF = {
			isa = PBXGroup;
			children = (
				2345401C1D0D8D1B009B03FF /* wooden-crate.jpg */,
				2345401D1D0D8D1B009B03FF /* fragment-shader.txt */,
				2345401E1D0D8D1B009B03FF /* vertex-shader.txt */,
				2345401A1D0D8CFA009B03FF /* Cocoa.framework */,
				234540181D0D8CE8009B03FF /* CoreVideo.framework */,
				234540161D0D8CDB009B03FF /* OpenGL.framework */,
				234540141D0D8CA9009B03FF /* IOKit.framework */,
				234540121D0D8C98009B03FF /* libglfw3.a */,
				23453FE61D0D8B9D009B03FF /* OpenGL08 */,
				23453FE51D0D8B9D009B03FF /* Products */,
			);
			sourceTree = "<group>";
		};
		23453FE51D0D8B9D009B03FF /* Products */ = {
			isa = PBXGroup;
			children = (
				23453FE41D0D8B9D009B03FF /* OpenGL08.app */,
			);
			name = Products;
			sourceTree = "<group>";
		};
		23453FE61D0D8B9D009B03FF /* OpenGL08 */ = {
			isa = PBXGroup;
			children = (
				23453FEA1D0D8B9E009B03FF /* Supporting Files */,
			);
			path = OpenGL08;
			sourceTree = "<group>";
		};
		23453FEA1D0D8B9E009B03FF /* Supporting Files */ = {
			isa = PBXGroup;
			children = (
				234540021D0D8C20009B03FF /* tdogl */,
				234540001D0D8C15009B03FF /* filePath.mm */,
				23453FFE1D0D8C03009B03FF /* OpenGL08.cpp */,
				23453FF81D0D8BFC009B03FF /* filePath.h */,
				23453FF91D0D8BFC009B03FF /* glew.h */,
				23453FFA1D0D8BFC009B03FF /* glfw3.h */,
				23453FFB1D0D8BFC009B03FF /* stb_image.h */,
				23453FFC1D0D8BFC009B03FF /* glew.c */,
			);
			name = "Supporting Files";
			sourceTree = "<group>";
		};
		234540021D0D8C20009B03FF /* tdogl */ = {
			isa = PBXGroup;
			children = (
				234540031D0D8C20009B03FF /* Bitmap.cpp */,
				234540041D0D8C20009B03FF /* Bitmap.h */,
				234540051D0D8C20009B03FF /* Camera.cpp */,
				234540061D0D8C20009B03FF /* Camera.h */,
				234540071D0D8C20009B03FF /* Program.cpp */,
				234540081D0D8C20009B03FF /* Program.h */,
				234540091D0D8C20009B03FF /* Shader.cpp */,
				2345400A1D0D8C20009B03FF /* Shader.h */,
				2345400B1D0D8C20009B03FF /* Texture.cpp */,
				2345400C1D0D8C20009B03FF /* Texture.h */,
			);
			path = tdogl;
			sourceTree = "<group>";
		};
/* End PBXGroup section */

/* Begin PBXNativeTarget section */
		23453FE31D0D8B9D009B03FF /* OpenGL08 */ = {
			isa = PBXNativeTarget;
			buildConfigurationList = 23453FF51D0D8B9E009B03FF /* Build configuration list for PBXNativeTarget "OpenGL08" */;
			buildPhases = (
				23453FE01D0D8B9D009B03FF /* Sources */,
				23453FE11D0D8B9D009B03FF /* Frameworks */,
				23453FE21D0D8B9D009B03FF /* Resources */,
			);
			buildRules = (
			);
			dependencies = (
			);
			name = OpenGL08;
			productName = OpenGL08;
			productReference = 23453FE41D0D8B9D009B03FF /* OpenGL08.app */;
			productType = "com.apple.product-type.application";
		};
/* End PBXNativeTarget section */

/* Begin PBXProject section */
		23453FDC1D0D8B9D009B03FF /* Project object */ = {
			isa = PBXProject;
			attributes = {
				LastUpgradeCheck = 0730;
				ORGANIZATIONNAME = cyj;
				TargetAttributes = {
					23453FE31D0D8B9D009B03FF = {
						CreatedOnToolsVersion = 7.3.1;
					};
				};
			};
			buildConfigurationList = 23453FDF1D0D8B9D009B03FF /* Build configuration list for PBXProject "OpenGL08" */;
			compatibilityVersion = "Xcode 3.2";
			developmentRegion = English;
			hasScannedForEncodings = 0;
			knownRegions = (
				en,
				Base,
			);
			mainGroup = 23453FDB1D0D8B9D009B03FF;
			productRefGroup = 23453FE51D0D8B9D009B03FF /* Products */;
			projectDirPath = "";
			projectRoot = "";
			targets = (
				23453FE31D0D8B9D009B03FF /* OpenGL08 */,
			);
		};
/* End PBXProject section */

/* Begin PBXResourcesBuildPhase section */
		23453FE21D0D8B9D009B03FF /* Resources */ = {
			isa = PBXResourcesBuildPhase;
			buildActionMask = 2147483647;
			files = (
				234540211D0D8D1B009B03FF /* vertex-shader.txt in Resources */,
				2345401F1D0D8D1B009B03FF /* wooden-crate.jpg in Resources */,
				234540201D0D8D1B009B03FF /* fragment-shader.txt in Resources */,
			);
			runOnlyForDeploymentPostprocessing = 0;
		};
/* End PBXResourcesBuildPhase section */

/* Begin PBXSourcesBuildPhase section */
		23453FE01D0D8B9D009B03FF /* Sources */ = {
			isa = PBXSourcesBuildPhase;
			buildActionMask = 2147483647;
			files = (
				2345400F1D0D8C20009B03FF /* Program.cpp in Sources */,
				2345400D1D0D8C20009B03FF /* Bitmap.cpp in Sources */,
				234540011D0D8C15009B03FF /* filePath.mm in Sources */,
				2345400E1D0D8C20009B03FF /* Camera.cpp in Sources */,
				234540101D0D8C20009B03FF /* Shader.cpp in Sources */,
				234540111D0D8C20009B03FF /* Texture.cpp in Sources */,
				23453FFD1D0D8BFC009B03FF /* glew.c in Sources */,
				23453FFF1D0D8C03009B03FF /* OpenGL08.cpp in Sources */,
			);
			runOnlyForDeploymentPostprocessing = 0;
		};
/* End PBXSourcesBuildPhase section */

/* Begin XCBuildConfiguration section */
		23453FF31D0D8B9E009B03FF /* Debug */ = {
			isa = XCBuildConfiguration;
			buildSettings = {
				ALWAYS_SEARCH_USER_PATHS = NO;
				CLANG_ANALYZER_NONNULL = YES;
				CLANG_CXX_LANGUAGE_STANDARD = "gnu++0x";
				CLANG_CXX_LIBRARY = "libc++";
				CLANG_ENABLE_MODULES = YES;
				CLANG_ENABLE_OBJC_ARC = YES;
				CLANG_WARN_BOOL_CONVERSION = YES;
				CLANG_WARN_CONSTANT_CONVERSION = YES;
				CLANG_WARN_DIRECT_OBJC_ISA_USAGE = YES_ERROR;
				CLANG_WARN_EMPTY_BODY = YES;
				CLANG_WARN_ENUM_CONVERSION = YES;
				CLANG_WARN_INT_CONVERSION = YES;
				CLANG_WARN_OBJC_ROOT_CLASS = YES_ERROR;
				CLANG_WARN_UNREACHABLE_CODE = YES;
				CLANG_WARN__DUPLICATE_METHOD_MATCH = YES;
				CODE_SIGN_IDENTITY = "-";
				COPY_PHASE_STRIP = NO;
				DEBUG_INFORMATION_FORMAT = dwarf;
				ENABLE_STRICT_OBJC_MSGSEND = YES;
				ENABLE_TESTABILITY = YES;
				GCC_C_LANGUAGE_STANDARD = gnu99;
				GCC_DYNAMIC_NO_PIC = NO;
				GCC_NO_COMMON_BLOCKS = YES;
				GCC_OPTIMIZATION_LEVEL = 0;
				GCC_PREPROCESSOR_DEFINITIONS = (
					"DEBUG=1",
					"$(inherited)",
				);
				GCC_WARN_64_TO_32_BIT_CONVERSION = YES;
				GCC_WARN_ABOUT_RETURN_TYPE = YES_ERROR;
				GCC_WARN_UNDECLARED_SELECTOR = YES;
				GCC_WARN_UNINITIALIZED_AUTOS = YES_AGGRESSIVE;
				GCC_WARN_UNUSED_FUNCTION = YES;
				GCC_WARN_UNUSED_VARIABLE = YES;
				MACOSX_DEPLOYMENT_TARGET = 10.11;
				MTL_ENABLE_DEBUG_INFO = YES;
				ONLY_ACTIVE_ARCH = YES;
				SDKROOT = macosx;
			};
			name = Debug;
		};
		23453FF41D0D8B9E009B03FF /* Release */ = {
			isa = XCBuildConfiguration;
			buildSettings = {
				ALWAYS_SEARCH_USER_PATHS = NO;
				CLANG_ANALYZER_NONNULL = YES;
				CLANG_CXX_LANGUAGE_STANDARD = "gnu++0x";
				CLANG_CXX_LIBRARY = "libc++";
				CLANG_ENABLE_MODULES = YES;
				CLANG_ENABLE_OBJC_ARC = YES;
				CLANG_WARN_BOOL_CONVERSION = YES;
				CLANG_WARN_CONSTANT_CONVERSION = YES;
				CLANG_WARN_DIRECT_OBJC_ISA_USAGE = YES_ERROR;
				CLANG_WARN_EMPTY_BODY = YES;
				CLANG_WARN_ENUM_CONVERSION = YES;
				CLANG_WARN_INT_CONVERSION = YES;
				CLANG_WARN_OBJC_ROOT_CLASS = YES_ERROR;
				CLANG_WARN_UNREACHABLE_CODE = YES;
				CLANG_WARN__DUPLICATE_METHOD_MATCH = YES;
				CODE_SIGN_IDENTITY = "-";
				COPY_PHASE_STRIP = NO;
				DEBUG_INFORMATION_FORMAT = "dwarf-with-dsym";
				ENABLE_NS_ASSERTIONS = NO;
				ENABLE_STRICT_OBJC_MSGSEND = YES;
				GCC_C_LANGUAGE_STANDARD = gnu99;
				GCC_NO_COMMON_BLOCKS = YES;
				GCC_WARN_64_TO_32_BIT_CONVERSION = YES;
				GCC_WARN_ABOUT_RETURN_TYPE = YES_ERROR;
				GCC_WARN_UNDECLARED_SELECTOR = YES;
				GCC_WARN_UNINITIALIZED_AUTOS = YES_AGGRESSIVE;
				GCC_WARN_UNUSED_FUNCTION = YES;
				GCC_WARN_UNUSED_VARIABLE = YES;
				MACOSX_DEPLOYMENT_TARGET = 10.11;
				MTL_ENABLE_DEBUG_INFO = NO;
				SDKROOT = macosx;
			};
			name = Release;
		};
		23453FF61D0D8B9E009B03FF /* Debug */ = {
			isa = XCBuildConfiguration;
			buildSettings = {
				ASSETCATALOG_COMPILER_APPICON_NAME = AppIcon;
				CLANG_ENABLE_MODULES = NO;
				COMBINE_HIDPI_IMAGES = YES;
				INFOPLIST_FILE = "";
				LD_RUNPATH_SEARCH_PATHS = "$(inherited) @executable_path/../Frameworks";
				LIBRARY_SEARCH_PATHS = (
					"$(inherited)",
					"$(PROJECT_DIR)/OpenGL08",
				);
				PRODUCT_BUNDLE_IDENTIFIER = com.cyj.OpenGL08;
				PRODUCT_NAME = "$(TARGET_NAME)";
			};
			name = Debug;
		};
		23453FF71D0D8B9E009B03FF /* Release */ = {
			isa = XCBuildConfiguration;
			buildSettings = {
				ASSETCATALOG_COMPILER_APPICON_NAME = AppIcon;
				CLANG_ENABLE_MODULES = NO;
				COMBINE_HIDPI_IMAGES = YES;
				INFOPLIST_FILE = "";
				LD_RUNPATH_SEARCH_PATHS = "$(inherited) @executable_path/../Frameworks";
				LIBRARY_SEARCH_PATHS = (
					"$(inherited)",
					"$(PROJECT_DIR)/OpenGL08",
				);
				PRODUCT_BUNDLE_IDENTIFIER = com.cyj.OpenGL08;
				PRODUCT_NAME = "$(TARGET_NAME)";
			};
			name = Release;
		};
/* End XCBuildConfiguration section */

/* Begin XCConfigurationList section */
		23453FDF1D0D8B9D009B03FF /* Build configuration list for PBXProject "OpenGL08" */ = {
			isa = XCConfigurationList;
			buildConfigurations = (
				23453FF31D0D8B9E009B03FF /* Debug */,
				23453FF41D0D8B9E009B03FF /* Release */,
			);
			defaultConfigurationIsVisible = 0;
			defaultConfigurationName = Release;
		};
		23453FF51D0D8B9E009B03FF /* Build configuration list for PBXNativeTarget "OpenGL08" */ = {
			isa = XCConfigurationList;
			buildConfigurations = (
				23453FF61D0D8B9E009B03FF /* Debug */,
				23453FF71D0D8B9E009B03FF /* Release */,
			);
			defaultConfigurationIsVisible = 0;
		};
/* End XCConfigurationList section */
	};
	rootObject = 23453FDC1D0D8B9D009B03FF /* Project object */;
}
